// !$*UTF8*$!
{
	archiveVersion = 1;
	classes = {
	};
	objectVersion = 46;
	objects = {

/* Begin PBXBuildFile section */
		44881D5A19D361B8001D172F /* Foundation.framework in Frameworks */ = {isa = PBXBuildFile; fileRef = 44881D5919D361B8001D172F /* Foundation.framework */; };
		44881D5C19D361B8001D172F /* CoreGraphics.framework in Frameworks */ = {isa = PBXBuildFile; fileRef = 44881D5B19D361B8001D172F /* CoreGraphics.framework */; };
		44881D5E19D361B8001D172F /* UIKit.framework in Frameworks */ = {isa = PBXBuildFile; fileRef = 44881D5D19D361B8001D172F /* UIKit.framework */; };
		44881D6419D361B8001D172F /* InfoPlist.strings in Resources */ = {isa = PBXBuildFile; fileRef = 44881D6219D361B8001D172F /* InfoPlist.strings */; };
		44881D6619D361B8001D172F /* main.m in Sources */ = {isa = PBXBuildFile; fileRef = 44881D6519D361B8001D172F /* main.m */; };
		44881D6A19D361B8001D172F /* AppDelegate.m in Sources */ = {isa = PBXBuildFile; fileRef = 44881D6919D361B8001D172F /* AppDelegate.m */; };
		44881D6D19D361B8001D172F /* Main_iPhone.storyboard in Resources */ = {isa = PBXBuildFile; fileRef = 44881D6B19D361B8001D172F /* Main_iPhone.storyboard */; };
		44881D7019D361B8001D172F /* Main_iPad.storyboard in Resources */ = {isa = PBXBuildFile; fileRef = 44881D6E19D361B8001D172F /* Main_iPad.storyboard */; };
		44881D7519D361B8001D172F /* Images.xcassets in Resources */ = {isa = PBXBuildFile; fileRef = 44881D7419D361B8001D172F /* Images.xcassets */; };
		44881D7C19D361B8001D172F /* XCTest.framework in Frameworks */ = {isa = PBXBuildFile; fileRef = 44881D7B19D361B8001D172F /* XCTest.framework */; };
		44881D7D19D361B8001D172F /* Foundation.framework in Frameworks */ = {isa = PBXBuildFile; fileRef = 44881D5919D361B8001D172F /* Foundation.framework */; };
		44881D7E19D361B8001D172F /* UIKit.framework in Frameworks */ = {isa = PBXBuildFile; fileRef = 44881D5D19D361B8001D172F /* UIKit.framework */; };
		44881D8619D361B8001D172F /* InfoPlist.strings in Resources */ = {isa = PBXBuildFile; fileRef = 44881D8419D361B8001D172F /* InfoPlist.strings */; };
		44881D8819D361B8001D172F /* TimelineFeedTests.m in Sources */ = {isa = PBXBuildFile; fileRef = 44881D8719D361B8001D172F /* TimelineFeedTests.m */; };
		44881DA019D3709D001D172F /* FeedViewController.m in Sources */ = {isa = PBXBuildFile; fileRef = 44881D9C19D3709D001D172F /* FeedViewController.m */; };
		44881DA619D37BDD001D172F /* FeedItem.m in Sources */ = {isa = PBXBuildFile; fileRef = 44881DA519D37BDD001D172F /* FeedItem.m */; };
		44881DAA19D479AB001D172F /* TableViewCell.m in Sources */ = {isa = PBXBuildFile; fileRef = 44881DA819D479AB001D172F /* TableViewCell.m */; };
		44881DAB19D479AB001D172F /* TableViewCell.xib in Resources */ = {isa = PBXBuildFile; fileRef = 44881DA919D479AB001D172F /* TableViewCell.xib */; };
		44881DB519D563E1001D172F /* FeedHTTPClient.m in Sources */ = {isa = PBXBuildFile; fileRef = 44881DB419D563E1001D172F /* FeedHTTPClient.m */; };
		44923F1819E1F60D00D9C487 /* User.m in Sources */ = {isa = PBXBuildFile; fileRef = 44923F1719E1F60D00D9C487 /* User.m */; };
		B4C0A4F92225455192C57969 /* libPods.a in Frameworks */ = {isa = PBXBuildFile; fileRef = A19A5172E215419BB1746D2F /* libPods.a */; };
/* End PBXBuildFile section */

/* Begin PBXContainerItemProxy section */
		44881D7F19D361B8001D172F /* PBXContainerItemProxy */ = {
			isa = PBXContainerItemProxy;
			containerPortal = 44881D4E19D361B8001D172F /* Project object */;
			proxyType = 1;
			remoteGlobalIDString = 44881D5519D361B8001D172F;
			remoteInfo = TimelineFeed;
		};
/* End PBXContainerItemProxy section */

/* Begin PBXFileReference section */
		44881D5619D361B8001D172F /* TimelineFeed.app */ = {isa = PBXFileReference; explicitFileType = wrapper.application; includeInIndex = 0; path = TimelineFeed.app; sourceTree = BUILT_PRODUCTS_DIR; };
		44881D5919D361B8001D172F /* Foundation.framework */ = {isa = PBXFileReference; lastKnownFileType = wrapper.framework; name = Foundation.framework; path = System/Library/Frameworks/Foundation.framework; sourceTree = SDKROOT; };
		44881D5B19D361B8001D172F /* CoreGraphics.framework */ = {isa = PBXFileReference; lastKnownFileType = wrapper.framework; name = CoreGraphics.framework; path = System/Library/Frameworks/CoreGraphics.framework; sourceTree = SDKROOT; };
		44881D5D19D361B8001D172F /* UIKit.framework */ = {isa = PBXFileReference; lastKnownFileType = wrapper.framework; name = UIKit.framework; path = System/Library/Frameworks/UIKit.framework; sourceTree = SDKROOT; };
		44881D6119D361B8001D172F /* TimelineFeed-Info.plist */ = {isa = PBXFileReference; lastKnownFileType = text.plist.xml; path = "TimelineFeed-Info.plist"; sourceTree = "<group>"; };
		44881D6319D361B8001D172F /* en */ = {isa = PBXFileReference; lastKnownFileType = text.plist.strings; name = en; path = en.lproj/InfoPlist.strings; sourceTree = "<group>"; };
		44881D6519D361B8001D172F /* main.m */ = {isa = PBXFileReference; lastKnownFileType = sourcecode.c.objc; path = main.m; sourceTree = "<group>"; };
		44881D6719D361B8001D172F /* TimelineFeed-Prefix.pch */ = {isa = PBXFileReference; lastKnownFileType = sourcecode.c.h; path = "TimelineFeed-Prefix.pch"; sourceTree = "<group>"; };
		44881D6819D361B8001D172F /* AppDelegate.h */ = {isa = PBXFileReference; lastKnownFileType = sourcecode.c.h; path = AppDelegate.h; sourceTree = "<group>"; };
		44881D6919D361B8001D172F /* AppDelegate.m */ = {isa = PBXFileReference; lastKnownFileType = sourcecode.c.objc; path = AppDelegate.m; sourceTree = "<group>"; };
		44881D6C19D361B8001D172F /* Base */ = {isa = PBXFileReference; lastKnownFileType = file.storyboard; name = Base; path = Base.lproj/Main_iPhone.storyboard; sourceTree = "<group>"; };
		44881D6F19D361B8001D172F /* Base */ = {isa = PBXFileReference; lastKnownFileType = file.storyboard; name = Base; path = Base.lproj/Main_iPad.storyboard; sourceTree = "<group>"; };
		44881D7419D361B8001D172F /* Images.xcassets */ = {isa = PBXFileReference; lastKnownFileType = folder.assetcatalog; path = Images.xcassets; sourceTree = "<group>"; };
		44881D7A19D361B8001D172F /* TimelineFeedTests.xctest */ = {isa = PBXFileReference; explicitFileType = wrapper.cfbundle; includeInIndex = 0; path = TimelineFeedTests.xctest; sourceTree = BUILT_PRODUCTS_DIR; };
		44881D7B19D361B8001D172F /* XCTest.framework */ = {isa = PBXFileReference; lastKnownFileType = wrapper.framework; name = XCTest.framework; path = Library/Frameworks/XCTest.framework; sourceTree = DEVELOPER_DIR; };
		44881D8319D361B8001D172F /* TimelineFeedTests-Info.plist */ = {isa = PBXFileReference; lastKnownFileType = text.plist.xml; path = "TimelineFeedTests-Info.plist"; sourceTree = "<group>"; };
		44881D8519D361B8001D172F /* en */ = {isa = PBXFileReference; lastKnownFileType = text.plist.strings; name = en; path = en.lproj/InfoPlist.strings; sourceTree = "<group>"; };
		44881D8719D361B8001D172F /* TimelineFeedTests.m */ = {isa = PBXFileReference; lastKnownFileType = sourcecode.c.objc; path = TimelineFeedTests.m; sourceTree = "<group>"; };
		44881D9B19D3709D001D172F /* FeedViewController.h */ = {isa = PBXFileReference; fileEncoding = 4; lastKnownFileType = sourcecode.c.h; path = FeedViewController.h; sourceTree = "<group>"; };
		44881D9C19D3709D001D172F /* FeedViewController.m */ = {isa = PBXFileReference; fileEncoding = 4; lastKnownFileType = sourcecode.c.objc; path = FeedViewController.m; sourceTree = "<group>"; };
		44881DA419D37BDD001D172F /* FeedItem.h */ = {isa = PBXFileReference; fileEncoding = 4; lastKnownFileType = sourcecode.c.h; path = FeedItem.h; sourceTree = "<group>"; };
		44881DA519D37BDD001D172F /* FeedItem.m */ = {isa = PBXFileReference; fileEncoding = 4; lastKnownFileType = sourcecode.c.objc; path = FeedItem.m; sourceTree = "<group>"; };
		44881DA719D479AB001D172F /* TableViewCell.h */ = {isa = PBXFileReference; fileEncoding = 4; lastKnownFileType = sourcecode.c.h; path = TableViewCell.h; sourceTree = "<group>"; };
		44881DA819D479AB001D172F /* TableViewCell.m */ = {isa = PBXFileReference; fileEncoding = 4; lastKnownFileType = sourcecode.c.objc; path = TableViewCell.m; sourceTree = "<group>"; };
		44881DA919D479AB001D172F /* TableViewCell.xib */ = {isa = PBXFileReference; fileEncoding = 4; lastKnownFileType = file.xib; path = TableViewCell.xib; sourceTree = "<group>"; };
		44881DB319D563E1001D172F /* FeedHTTPClient.h */ = {isa = PBXFileReference; fileEncoding = 4; lastKnownFileType = sourcecode.c.h; path = FeedHTTPClient.h; sourceTree = "<group>"; };
		44881DB419D563E1001D172F /* FeedHTTPClient.m */ = {isa = PBXFileReference; fileEncoding = 4; lastKnownFileType = sourcecode.c.objc; path = FeedHTTPClient.m; sourceTree = "<group>"; };
		44923F1619E1F60D00D9C487 /* User.h */ = {isa = PBXFileReference; fileEncoding = 4; lastKnownFileType = sourcecode.c.h; path = User.h; sourceTree = "<group>"; };
		44923F1719E1F60D00D9C487 /* User.m */ = {isa = PBXFileReference; fileEncoding = 4; lastKnownFileType = sourcecode.c.objc; path = User.m; sourceTree = "<group>"; };
		A19A5172E215419BB1746D2F /* libPods.a */ = {isa = PBXFileReference; explicitFileType = archive.ar; includeInIndex = 0; path = libPods.a; sourceTree = BUILT_PRODUCTS_DIR; };
		EE16B8F6E69D4D46B04D0807 /* Pods.xcconfig */ = {isa = PBXFileReference; includeInIndex = 1; lastKnownFileType = text.xcconfig; name = Pods.xcconfig; path = Pods/Pods.xcconfig; sourceTree = "<group>"; };
/* End PBXFileReference section */

/* Begin PBXFrameworksBuildPhase section */
		44881D5319D361B8001D172F /* Frameworks */ = {
			isa = PBXFrameworksBuildPhase;
			buildActionMask = 2147483647;
			files = (
				44881D5C19D361B8001D172F /* CoreGraphics.framework in Frameworks */,
				44881D5E19D361B8001D172F /* UIKit.framework in Frameworks */,
				44881D5A19D361B8001D172F /* Foundation.framework in Frameworks */,
				B4C0A4F92225455192C57969 /* libPods.a in Frameworks */,
			);
			runOnlyForDeploymentPostprocessing = 0;
		};
		44881D7719D361B8001D172F /* Frameworks */ = {
			isa = PBXFrameworksBuildPhase;
			buildActionMask = 2147483647;
			files = (
				44881D7C19D361B8001D172F /* XCTest.framework in Frameworks */,
				44881D7E19D361B8001D172F /* UIKit.framework in Frameworks */,
				44881D7D19D361B8001D172F /* Foundation.framework in Frameworks */,
			);
			runOnlyForDeploymentPostprocessing = 0;
		};
/* End PBXFrameworksBuildPhase section */

/* Begin PBXGroup section */
		44881D4D19D361B8001D172F = {
			isa = PBXGroup;
			children = (
				44881D9919D3709D001D172F /* Source */,
				44881D6019D361B8001D172F /* Supporting Files */,
				44881D8119D361B8001D172F /* TimelineFeedTests */,
				44881D5819D361B8001D172F /* Frameworks */,
				44881D5719D361B8001D172F /* Products */,
				EE16B8F6E69D4D46B04D0807 /* Pods.xcconfig */,
			);
			sourceTree = "<group>";
		};
		44881D5719D361B8001D172F /* Products */ = {
			isa = PBXGroup;
			children = (
				44881D5619D361B8001D172F /* TimelineFeed.app */,
				44881D7A19D361B8001D172F /* TimelineFeedTests.xctest */,
			);
			name = Products;
			sourceTree = "<group>";
		};
		44881D5819D361B8001D172F /* Frameworks */ = {
			isa = PBXGroup;
			children = (
				44881D5919D361B8001D172F /* Foundation.framework */,
				44881D5B19D361B8001D172F /* CoreGraphics.framework */,
				44881D5D19D361B8001D172F /* UIKit.framework */,
				44881D7B19D361B8001D172F /* XCTest.framework */,
				A19A5172E215419BB1746D2F /* libPods.a */,
			);
			name = Frameworks;
			sourceTree = "<group>";
		};
		44881D6019D361B8001D172F /* Supporting Files */ = {
			isa = PBXGroup;
			children = (
				44881D6819D361B8001D172F /* AppDelegate.h */,
				44881D6919D361B8001D172F /* AppDelegate.m */,
				44881D7419D361B8001D172F /* Images.xcassets */,
				44881D6B19D361B8001D172F /* Main_iPhone.storyboard */,
				44881D6E19D361B8001D172F /* Main_iPad.storyboard */,
				44881D6119D361B8001D172F /* TimelineFeed-Info.plist */,
				44881D6219D361B8001D172F /* InfoPlist.strings */,
				44881D6519D361B8001D172F /* main.m */,
				44881D6719D361B8001D172F /* TimelineFeed-Prefix.pch */,
			);
			name = "Supporting Files";
			path = TimelineFeed;
			sourceTree = "<group>";
		};
		44881D8119D361B8001D172F /* TimelineFeedTests */ = {
			isa = PBXGroup;
			children = (
				44881D8719D361B8001D172F /* TimelineFeedTests.m */,
				44881D8219D361B8001D172F /* Supporting Files */,
			);
			path = TimelineFeedTests;
			sourceTree = "<group>";
		};
		44881D8219D361B8001D172F /* Supporting Files */ = {
			isa = PBXGroup;
			children = (
				44881D8319D361B8001D172F /* TimelineFeedTests-Info.plist */,
				44881D8419D361B8001D172F /* InfoPlist.strings */,
			);
			name = "Supporting Files";
			sourceTree = "<group>";
		};
		44881D9919D3709D001D172F /* Source */ = {
			isa = PBXGroup;
			children = (
				44881D9A19D3709D001D172F /* Controllers */,
				44881D9D19D3709D001D172F /* Models */,
				44881D9E19D3709D001D172F /* Services */,
				44881D9F19D3709D001D172F /* Views */,
			);
			name = Source;
			path = TimelineFeed/Source;
			sourceTree = "<group>";
		};
		44881D9A19D3709D001D172F /* Controllers */ = {
			isa = PBXGroup;
			children = (
				44881D9B19D3709D001D172F /* FeedViewController.h */,
				44881D9C19D3709D001D172F /* FeedViewController.m */,
			);
			path = Controllers;
			sourceTree = "<group>";
		};
		44881D9D19D3709D001D172F /* Models */ = {
			isa = PBXGroup;
			children = (
				44881DA419D37BDD001D172F /* FeedItem.h */,
				44881DA519D37BDD001D172F /* FeedItem.m */,
				44923F1619E1F60D00D9C487 /* User.h */,
				44923F1719E1F60D00D9C487 /* User.m */,
			);
			path = Models;
			sourceTree = "<group>";
		};
		44881D9E19D3709D001D172F /* Services */ = {
			isa = PBXGroup;
			children = (
				44881DB319D563E1001D172F /* FeedHTTPClient.h */,
				44881DB419D563E1001D172F /* FeedHTTPClient.m */,
			);
			path = Services;
			sourceTree = "<group>";
		};
		44881D9F19D3709D001D172F /* Views */ = {
			isa = PBXGroup;
			children = (
				44881DA719D479AB001D172F /* TableViewCell.h */,
				44881DA819D479AB001D172F /* TableViewCell.m */,
				44881DA919D479AB001D172F /* TableViewCell.xib */,
			);
			path = Views;
			sourceTree = "<group>";
		};
/* End PBXGroup section */

/* Begin PBXNativeTarget section */
		44881D5519D361B8001D172F /* TimelineFeed */ = {
			isa = PBXNativeTarget;
			buildConfigurationList = 44881D8B19D361B8001D172F /* Build configuration list for PBXNativeTarget "TimelineFeed" */;
			buildPhases = (
				CE7740D57711423C946D72CD /* Check Pods Manifest.lock */,
				44881D5219D361B8001D172F /* Sources */,
				44881D5319D361B8001D172F /* Frameworks */,
				44881D5419D361B8001D172F /* Resources */,
				A3B7A089DF064BB58DEE712E /* Copy Pods Resources */,
			);
			buildRules = (
			);
			dependencies = (
			);
			name = TimelineFeed;
			productName = TimelineFeed;
			productReference = 44881D5619D361B8001D172F /* TimelineFeed.app */;
			productType = "com.apple.product-type.application";
		};
		44881D7919D361B8001D172F /* TimelineFeedTests */ = {
			isa = PBXNativeTarget;
			buildConfigurationList = 44881D8E19D361B8001D172F /* Build configuration list for PBXNativeTarget "TimelineFeedTests" */;
			buildPhases = (
				44881D7619D361B8001D172F /* Sources */,
				44881D7719D361B8001D172F /* Frameworks */,
				44881D7819D361B8001D172F /* Resources */,
			);
			buildRules = (
			);
			dependencies = (
				44881D8019D361B8001D172F /* PBXTargetDependency */,
			);
			name = TimelineFeedTests;
			productName = TimelineFeedTests;
			productReference = 44881D7A19D361B8001D172F /* TimelineFeedTests.xctest */;
			productType = "com.apple.product-type.bundle.unit-test";
		};
/* End PBXNativeTarget section */

/* Begin PBXProject section */
		44881D4E19D361B8001D172F /* Project object */ = {
			isa = PBXProject;
			attributes = {
				LastUpgradeCheck = 0510;
				ORGANIZATIONNAME = "Katerina Nerush";
				TargetAttributes = {
					44881D7919D361B8001D172F = {
						TestTargetID = 44881D5519D361B8001D172F;
					};
				};
			};
			buildConfigurationList = 44881D5119D361B8001D172F /* Build configuration list for PBXProject "TimelineFeed" */;
			compatibilityVersion = "Xcode 3.2";
			developmentRegion = English;
			hasScannedForEncodings = 0;
			knownRegions = (
				en,
				Base,
			);
			mainGroup = 44881D4D19D361B8001D172F;
			productRefGroup = 44881D5719D361B8001D172F /* Products */;
			projectDirPath = "";
			projectRoot = "";
			targets = (
				44881D5519D361B8001D172F /* TimelineFeed */,
				44881D7919D361B8001D172F /* TimelineFeedTests */,
			);
		};
/* End PBXProject section */

/* Begin PBXResourcesBuildPhase section */
		44881D5419D361B8001D172F /* Resources */ = {
			isa = PBXResourcesBuildPhase;
			buildActionMask = 2147483647;
			files = (
				44881D7019D361B8001D172F /* Main_iPad.storyboard in Resources */,
				44881DAB19D479AB001D172F /* TableViewCell.xib in Resources */,
				44881D7519D361B8001D172F /* Images.xcassets in Resources */,
				44881D6D19D361B8001D172F /* Main_iPhone.storyboard in Resources */,
				44881D6419D361B8001D172F /* InfoPlist.strings in Resources */,
			);
			runOnlyForDeploymentPostprocessing = 0;
		};
		44881D7819D361B8001D172F /* Resources */ = {
			isa = PBXResourcesBuildPhase;
			buildActionMask = 2147483647;
			files = (
				44881D8619D361B8001D172F /* InfoPlist.strings in Resources */,
			);
			runOnlyForDeploymentPostprocessing = 0;
		};
/* End PBXResourcesBuildPhase section */

/* Begin PBXShellScriptBuildPhase section */
		A3B7A089DF064BB58DEE712E /* Copy Pods Resources */ = {
			isa = PBXShellScriptBuildPhase;
			buildActionMask = 2147483647;
			files = (
			);
			inputPaths = (
			);
			name = "Copy Pods Resources";
			outputPaths = (
			);
			runOnlyForDeploymentPostprocessing = 0;
			shellPath = /bin/sh;
			shellScript = "\"${SRCROOT}/Pods/Pods-resources.sh\"\n";
			showEnvVarsInLog = 0;
		};
		CE7740D57711423C946D72CD /* Check Pods Manifest.lock */ = {
			isa = PBXShellScriptBuildPhase;
			buildActionMask = 2147483647;
			files = (
			);
			inputPaths = (
			);
			name = "Check Pods Manifest.lock";
			outputPaths = (
			);
			runOnlyForDeploymentPostprocessing = 0;
			shellPath = /bin/sh;
			shellScript = "diff \"${PODS_ROOT}/../Podfile.lock\" \"${PODS_ROOT}/Manifest.lock\" > /dev/null\nif [[ $? != 0 ]] ; then\n    cat << EOM\nerror: The sandbox is not in sync with the Podfile.lock. Run 'pod install' or update your CocoaPods installation.\nEOM\n    exit 1\nfi\n";
			showEnvVarsInLog = 0;
		};
/* End PBXShellScriptBuildPhase section */

/* Begin PBXSourcesBuildPhase section */
		44881D5219D361B8001D172F /* Sources */ = {
			isa = PBXSourcesBuildPhase;
			buildActionMask = 2147483647;
			files = (
				44881DA019D3709D001D172F /* FeedViewController.m in Sources */,
				44923F1819E1F60D00D9C487 /* User.m in Sources */,
				44881DAA19D479AB001D172F /* TableViewCell.m in Sources */,
				44881DA619D37BDD001D172F /* FeedItem.m in Sources */,
				44881DB519D563E1001D172F /* FeedHTTPClient.m in Sources */,
				44881D6A19D361B8001D172F /* AppDelegate.m in Sources */,
				44881D6619D361B8001D172F /* main.m in Sources */,
			);
			runOnlyForDeploymentPostprocessing = 0;
		};
		44881D7619D361B8001D172F /* Sources */ = {
			isa = PBXSourcesBuildPhase;
			buildActionMask = 2147483647;
			files = (
				44881D8819D361B8001D172F /* TimelineFeedTests.m in Sources */,
			);
			runOnlyForDeploymentPostprocessing = 0;
		};
/* End PBXSourcesBuildPhase section */

/* Begin PBXTargetDependency section */
		44881D8019D361B8001D172F /* PBXTargetDependency */ = {
			isa = PBXTargetDependency;
			target = 44881D5519D361B8001D172F /* TimelineFeed */;
			targetProxy = 44881D7F19D361B8001D172F /* PBXContainerItemProxy */;
		};
/* End PBXTargetDependency section */

/* Begin PBXVariantGroup section */
		44881D6219D361B8001D172F /* InfoPlist.strings */ = {
			isa = PBXVariantGroup;
			children = (
				44881D6319D361B8001D172F /* en */,
			);
			name = InfoPlist.strings;
			sourceTree = "<group>";
		};
		44881D6B19D361B8001D172F /* Main_iPhone.storyboard */ = {
			isa = PBXVariantGroup;
			children = (
				44881D6C19D361B8001D172F /* Base */,
			);
			name = Main_iPhone.storyboard;
			sourceTree = "<group>";
		};
		44881D6E19D361B8001D172F /* Main_iPad.storyboard */ = {
			isa = PBXVariantGroup;
			children = (
				44881D6F19D361B8001D172F /* Base */,
			);
			name = Main_iPad.storyboard;
			sourceTree = "<group>";
		};
		44881D8419D361B8001D172F /* InfoPlist.strings */ = {
			isa = PBXVariantGroup;
			children = (
				44881D8519D361B8001D172F /* en */,
			);
			name = InfoPlist.strings;
			sourceTree = "<group>";
		};
/* End PBXVariantGroup section */

/* Begin XCBuildConfiguration section */
		44881D8919D361B8001D172F /* Debug */ = {
			isa = XCBuildConfiguration;
			buildSettings = {
				ALWAYS_SEARCH_USER_PATHS = NO;
				CLANG_CXX_LANGUAGE_STANDARD = "gnu++0x";
				CLANG_CXX_LIBRARY = "libc++";
				CLANG_ENABLE_MODULES = YES;
				CLANG_ENABLE_OBJC_ARC = YES;
				CLANG_WARN_BOOL_CONVERSION = YES;
				CLANG_WARN_CONSTANT_CONVERSION = YES;
				CLANG_WARN_DIRECT_OBJC_ISA_USAGE = YES_ERROR;
				CLANG_WARN_EMPTY_BODY = YES;
				CLANG_WARN_ENUM_CONVERSION = YES;
				CLANG_WARN_INT_CONVERSION = YES;
				CLANG_WARN_OBJC_ROOT_CLASS = YES_ERROR;
				CLANG_WARN__DUPLICATE_METHOD_MATCH = YES;
				"CODE_SIGN_IDENTITY[sdk=iphoneos*]" = "iPhone Developer";
				COPY_PHASE_STRIP = NO;
				GCC_C_LANGUAGE_STANDARD = gnu99;
				GCC_DYNAMIC_NO_PIC = NO;
				GCC_OPTIMIZATION_LEVEL = 0;
				GCC_PREPROCESSOR_DEFINITIONS = (
					"DEBUG=1",
					"$(inherited)",
				);
				GCC_SYMBOLS_PRIVATE_EXTERN = NO;
				GCC_WARN_64_TO_32_BIT_CONVERSION = YES;
				GCC_WARN_ABOUT_RETURN_TYPE = YES_ERROR;
				GCC_WARN_UNDECLARED_SELECTOR = YES;
				GCC_WARN_UNINITIALIZED_AUTOS = YES_AGGRESSIVE;
				GCC_WARN_UNUSED_FUNCTION = YES;
				GCC_WARN_UNUSED_VARIABLE = YES;
				IPHONEOS_DEPLOYMENT_TARGET = 7.1;
				ONLY_ACTIVE_ARCH = YES;
				SDKROOT = iphoneos;
				TARGETED_DEVICE_FAMILY = "1,2";
			};
			name = Debug;
		};
		44881D8A19D361B8001D172F /* Release */ = {
			isa = XCBuildConfiguration;
			buildSettings = {
				ALWAYS_SEARCH_USER_PATHS = NO;
				CLANG_CXX_LANGUAGE_STANDARD = "gnu++0x";
				CLANG_CXX_LIBRARY = "libc++";
				CLANG_ENABLE_MODULES = YES;
				CLANG_ENABLE_OBJC_ARC = YES;
				CLANG_WARN_BOOL_CONVERSION = YES;
				CLANG_WARN_CONSTANT_CONVERSION = YES;
				CLANG_WARN_DIRECT_OBJC_ISA_USAGE = YES_ERROR;
				CLANG_WARN_EMPTY_BODY = YES;
				CLANG_WARN_ENUM_CONVERSION = YES;
				CLANG_WARN_INT_CONVERSION = YES;
				CLANG_WARN_OBJC_ROOT_CLASS = YES_ERROR;
				CLANG_WARN__DUPLICATE_METHOD_MATCH = YES;
				"CODE_SIGN_IDENTITY[sdk=iphoneos*]" = "iPhone Developer";
				COPY_PHASE_STRIP = YES;
				ENABLE_NS_ASSERTIONS = NO;
				GCC_C_LANGUAGE_STANDARD = gnu99;
				GCC_WARN_64_TO_32_BIT_CONVERSION = YES;
				GCC_WARN_ABOUT_RETURN_TYPE = YES_ERROR;
				GCC_WARN_UNDECLARED_SELECTOR = YES;
				GCC_WARN_UNINITIALIZED_AUTOS = YES_AGGRESSIVE;
				GCC_WARN_UNUSED_FUNCTION = YES;
				GCC_WARN_UNUSED_VARIABLE = YES;
				IPHONEOS_DEPLOYMENT_TARGET = 7.1;
				SDKROOT = iphoneos;
				TARGETED_DEVICE_FAMILY = "1,2";
				VALIDATE_PRODUCT = YES;
			};
			name = Release;
		};
		44881D8C19D361B8001D172F /* Debug */ = {
			isa = XCBuildConfiguration;
			baseConfigurationReference = EE16B8F6E69D4D46B04D0807 /* Pods.xcconfig */;
			buildSettings = {
				ASSETCATALOG_COMPILER_APPICON_NAME = AppIcon;
				ASSETCATALOG_COMPILER_LAUNCHIMAGE_NAME = LaunchImage;
				GCC_PRECOMPILE_PREFIX_HEADER = YES;
				GCC_PREFIX_HEADER = "TimelineFeed/TimelineFeed-Prefix.pch";
				INFOPLIST_FILE = "TimelineFeed/TimelineFeed-Info.plist";
				PRODUCT_NAME = "$(TARGET_NAME)";
				WRAPPER_EXTENSION = app;
			};
			name = Debug;
		};
		44881D8D19D361B8001D172F /* Release */ = {
			isa = XCBuildConfiguration;
			baseConfigurationReference = EE16B8F6E69D4D46B04D0807 /* Pods.xcconfig */;
			buildSettings = {
				ASSETCATALOG_COMPILER_APPICON_NAME = AppIcon;
				ASSETCATALOG_COMPILER_LAUNCHIMAGE_NAME = LaunchImage;
				GCC_PRECOMPILE_PREFIX_HEADER = YES;
				GCC_PREFIX_HEADER = "TimelineFeed/TimelineFeed-Prefix.pch";
				INFOPLIST_FILE = "TimelineFeed/TimelineFeed-Info.plist";
				PRODUCT_NAME = "$(TARGET_NAME)";
				WRAPPER_EXTENSION = app;
			};
			name = Release;
		};
		44881D8F19D361B8001D172F /* Debug */ = {
			isa = XCBuildConfiguration;
			buildSettings = {
				BUNDLE_LOADER = "$(BUILT_PRODUCTS_DIR)/TimelineFeed.app/TimelineFeed";
				FRAMEWORK_SEARCH_PATHS = (
					"$(SDKROOT)/Developer/Library/Frameworks",
					"$(inherited)",
					"$(DEVELOPER_FRAMEWORKS_DIR)",
				);
				GCC_PRECOMPILE_PREFIX_HEADER = YES;
				GCC_PREFIX_HEADER = "TimelineFeed/TimelineFeed-Prefix.pch";
				GCC_PREPROCESSOR_DEFINITIONS = (
					"DEBUG=1",
					"$(inherited)",
				);
				INFOPLIST_FILE = "TimelineFeedTests/TimelineFeedTests-Info.plist";
				PRODUCT_NAME = "$(TARGET_NAME)";
				TEST_HOST = "$(BUNDLE_LOADER)";
				WRAPPER_EXTENSION = xctest;
			};
			name = Debug;
		};
		44881D9019D361B8001D172F /* Release */ = {
			isa = XCBuildConfiguration;
			buildSettings = {
				BUNDLE_LOADER = "$(BUILT_PRODUCTS_DIR)/TimelineFeed.app/TimelineFeed";
				FRAMEWORK_SEARCH_PATHS = (
					"$(SDKROOT)/Developer/Library/Frameworks",
					"$(inherited)",
					"$(DEVELOPER_FRAMEWORKS_DIR)",
				);
				GCC_PRECOMPILE_PREFIX_HEADER = YES;
				GCC_PREFIX_HEADER = "TimelineFeed/TimelineFeed-Prefix.pch";
				INFOPLIST_FILE = "TimelineFeedTests/TimelineFeedTests-Info.plist";
				PRODUCT_NAME = "$(TARGET_NAME)";
				TEST_HOST = "$(BUNDLE_LOADER)";
				WRAPPER_EXTENSION = xctest;
			};
			name = Release;
		};
/* End XCBuildConfiguration section */

/* Begin XCConfigurationList section */
		44881D5119D361B8001D172F /* Build configuration list for PBXProject "TimelineFeed" */ = {
			isa = XCConfigurationList;
			buildConfigurations = (
				44881D8919D361B8001D172F /* Debug */,
				44881D8A19D361B8001D172F /* Release */,
			);
			defaultConfigurationIsVisible = 0;
			defaultConfigurationName = Release;
		};
		44881D8B19D361B8001D172F /* Build configuration list for PBXNativeTarget "TimelineFeed" */ = {
			isa = XCConfigurationList;
			buildConfigurations = (
				44881D8C19D361B8001D172F /* Debug */,
				44881D8D19D361B8001D172F /* Release */,
			);
			defaultConfigurationIsVisible = 0;
			defaultConfigurationName = Release;
		};
		44881D8E19D361B8001D172F /* Build configuration list for PBXNativeTarget "TimelineFeedTests" */ = {
			isa = XCConfigurationList;
			buildConfigurations = (
				44881D8F19D361B8001D172F /* Debug */,
				44881D9019D361B8001D172F /* Release */,
			);
			defaultConfigurationIsVisible = 0;
			defaultConfigurationName = Release;
		};
/* End XCConfigurationList section */
	};
	rootObject = 44881D4E19D361B8001D172F /* Project object */;
}
